Microsoft Visual Studio Solution File, Format Version 12.00
# Visual Studio Version 17
VisualStudioVersion = 17.5.2.0
MinimumVisualStudioVersion = 10.0.40219.1
Project("{FAE04EC0-301F-11D3-BF4B-00C04F79EFBC}") = "Function.App", "Function.App.csproj", "{09FB004B-39BA-8AD9-BCBF-A10447ED2A79}"
EndProject
Global
	GlobalSection(SolutionConfigurationPlatforms) = preSolution
		Debug|Any CPU = Debug|Any CPU
		Release|Any CPU = Release|Any CPU
	EndGlobalSection
	GlobalSection(ProjectConfigurationPlatforms) = postSolution
		{09FB004B-39BA-8AD9-BCBF-A10447ED2A79}.Debug|Any CPU.ActiveCfg = Debug|Any CPU
		{09FB004B-39BA-8AD9-BCBF-A10447ED2A79}.Debug|Any CPU.Build.0 = Debug|Any CPU
		{09FB004B-39BA-8AD9-BCBF-A10447ED2A79}.Release|Any CPU.ActiveCfg = Release|Any CPU
		{09FB004B-39BA-8AD9-BCBF-A10447ED2A79}.Release|Any CPU.Build.0 = Release|Any CPU
	EndGlobalSection
	GlobalSection(SolutionProperties) = preSolution
		HideSolutionNode = FALSE
	EndGlobalSection
	GlobalSection(ExtensibilityGlobals) = postSolution
		SolutionGuid = {49F0723E-9BC8-4032-811D-C25107DBC2B8}
	EndGlobalSection
EndGlobal
